// !$*UTF8*$!
{
	archiveVersion = 1;
	classes = {
	};
	objectVersion = 46;
	objects = {

/* Begin PBXBuildFile section */
		820470BC1E59428E00486806 /* ps3eye.cpp in Sources */ = {isa = PBXBuildFile; fileRef = 820470BA1E59428E00486806 /* ps3eye.cpp */; };
		820470C01E59437800486806 /* PSEyeOCVVideoDevice.cpp in Sources */ = {isa = PBXBuildFile; fileRef = 820470BE1E59437800486806 /* PSEyeOCVVideoDevice.cpp */; };
		820470C31E5CA58E00486806 /* Calibrator.cpp in Sources */ = {isa = PBXBuildFile; fileRef = 820470C11E5CA58E00486806 /* Calibrator.cpp */; };
		820470C51E5E811800486806 /* SDL2.framework in Frameworks */ = {isa = PBXBuildFile; fileRef = 820470C41E5E811800486806 /* SDL2.framework */; };
		820470C81E5E81EC00486806 /* ImageView.cpp in Sources */ = {isa = PBXBuildFile; fileRef = 820470C61E5E81EC00486806 /* ImageView.cpp */; };
		82205A3D1E575367009555DC /* main.cpp in Sources */ = {isa = PBXBuildFile; fileRef = 82205A3C1E575367009555DC /* main.cpp */; };
		82205A661E5755F4009555DC /* libusb.dylib in Frameworks */ = {isa = PBXBuildFile; fileRef = 82205A651E5755F4009555DC /* libusb.dylib */; };
		82205A7C1E575639009555DC /* libopencv_ccalib.3.1.0.dylib in Frameworks */ = {isa = PBXBuildFile; fileRef = 82205A671E575639009555DC /* libopencv_ccalib.3.1.0.dylib */; };
		82205A7D1E575639009555DC /* libopencv_ccalib.3.1.0.dylib in Frameworks */ = {isa = PBXBuildFile; fileRef = 82205A681E575639009555DC /* libopencv_ccalib.3.1.0.dylib */; };
		82205A7E1E575639009555DC /* libopencv_ccalib.3.1.0.dylib in Frameworks */ = {isa = PBXBuildFile; fileRef = 82205A691E575639009555DC /* libopencv_ccalib.3.1.0.dylib */; };
		82205A7F1E575639009555DC /* libopencv_core.3.1.0.dylib in Frameworks */ = {isa = PBXBuildFile; fileRef = 82205A6A1E575639009555DC /* libopencv_core.3.1.0.dylib */; };
		82205A801E575639009555DC /* libopencv_core.3.1.0.dylib in Frameworks */ = {isa = PBXBuildFile; fileRef = 82205A6B1E575639009555DC /* libopencv_core.3.1.0.dylib */; };
		82205A811E575639009555DC /* libopencv_core.3.1.0.dylib in Frameworks */ = {isa = PBXBuildFile; fileRef = 82205A6C1E575639009555DC /* libopencv_core.3.1.0.dylib */; };
		82205A821E575639009555DC /* libopencv_highgui.3.1.0.dylib in Frameworks */ = {isa = PBXBuildFile; fileRef = 82205A6D1E575639009555DC /* libopencv_highgui.3.1.0.dylib */; };
		82205A831E575639009555DC /* libopencv_highgui.3.1.0.dylib in Frameworks */ = {isa = PBXBuildFile; fileRef = 82205A6E1E575639009555DC /* libopencv_highgui.3.1.0.dylib */; };
		82205A841E575639009555DC /* libopencv_highgui.3.1.0.dylib in Frameworks */ = {isa = PBXBuildFile; fileRef = 82205A6F1E575639009555DC /* libopencv_highgui.3.1.0.dylib */; };
		82205A851E575639009555DC /* libopencv_imgproc.3.1.0.dylib in Frameworks */ = {isa = PBXBuildFile; fileRef = 82205A701E575639009555DC /* libopencv_imgproc.3.1.0.dylib */; };
		82205A861E575639009555DC /* libopencv_imgproc.3.1.0.dylib in Frameworks */ = {isa = PBXBuildFile; fileRef = 82205A711E575639009555DC /* libopencv_imgproc.3.1.0.dylib */; };
		82205A871E575639009555DC /* libopencv_imgproc.3.1.0.dylib in Frameworks */ = {isa = PBXBuildFile; fileRef = 82205A721E575639009555DC /* libopencv_imgproc.3.1.0.dylib */; };
		82205A881E575639009555DC /* libopencv_video.3.1.0.dylib in Frameworks */ = {isa = PBXBuildFile; fileRef = 82205A731E575639009555DC /* libopencv_video.3.1.0.dylib */; };
		82205A891E575639009555DC /* libopencv_video.3.1.0.dylib in Frameworks */ = {isa = PBXBuildFile; fileRef = 82205A741E575639009555DC /* libopencv_video.3.1.0.dylib */; };
		82205A8A1E575639009555DC /* libopencv_video.3.1.0.dylib in Frameworks */ = {isa = PBXBuildFile; fileRef = 82205A751E575639009555DC /* libopencv_video.3.1.0.dylib */; };
		82205A8B1E575639009555DC /* libopencv_videoio.3.1.0.dylib in Frameworks */ = {isa = PBXBuildFile; fileRef = 82205A761E575639009555DC /* libopencv_videoio.3.1.0.dylib */; };
		82205A8C1E575639009555DC /* libopencv_videoio.3.1.0.dylib in Frameworks */ = {isa = PBXBuildFile; fileRef = 82205A771E575639009555DC /* libopencv_videoio.3.1.0.dylib */; };
		82205A8D1E575639009555DC /* libopencv_videoio.3.1.0.dylib in Frameworks */ = {isa = PBXBuildFile; fileRef = 82205A781E575639009555DC /* libopencv_videoio.3.1.0.dylib */; };
		82205A8E1E575639009555DC /* libopencv_ximgproc.3.1.0.dylib in Frameworks */ = {isa = PBXBuildFile; fileRef = 82205A791E575639009555DC /* libopencv_ximgproc.3.1.0.dylib */; };
		82205A8F1E575639009555DC /* libopencv_ximgproc.3.1.0.dylib in Frameworks */ = {isa = PBXBuildFile; fileRef = 82205A7A1E575639009555DC /* libopencv_ximgproc.3.1.0.dylib */; };
		82205A901E575639009555DC /* libopencv_ximgproc.3.1.0.dylib in Frameworks */ = {isa = PBXBuildFile; fileRef = 82205A7B1E575639009555DC /* libopencv_ximgproc.3.1.0.dylib */; };
		823B485E1E7B6602009AA735 /* BaseVideoDevice.cpp in Sources */ = {isa = PBXBuildFile; fileRef = 823B485C1E7B6602009AA735 /* BaseVideoDevice.cpp */; };
/* End PBXBuildFile section */

/* Begin PBXCopyFilesBuildPhase section */
		82205A371E575367009555DC /* CopyFiles */ = {
			isa = PBXCopyFilesBuildPhase;
			buildActionMask = 2147483647;
			dstPath = /usr/share/man/man1/;
			dstSubfolderSpec = 0;
			files = (
			);
			runOnlyForDeploymentPostprocessing = 1;
		};
/* End PBXCopyFilesBuildPhase section */

/* Begin PBXFileReference section */
		820470BA1E59428E00486806 /* ps3eye.cpp */ = {isa = PBXFileReference; fileEncoding = 4; lastKnownFileType = sourcecode.cpp.cpp; path = ps3eye.cpp; sourceTree = "<group>"; };
		820470BB1E59428E00486806 /* ps3eye.h */ = {isa = PBXFileReference; fileEncoding = 4; lastKnownFileType = sourcecode.c.h; path = ps3eye.h; sourceTree = "<group>"; };
		820470BD1E5942D500486806 /* libusb.h */ = {isa = PBXFileReference; fileEncoding = 4; lastKnownFileType = sourcecode.c.h; path = libusb.h; sourceTree = "<group>"; };
		820470BE1E59437800486806 /* PSEyeOCVVideoDevice.cpp */ = {isa = PBXFileReference; fileEncoding = 4; lastKnownFileType = sourcecode.cpp.cpp; path = PSEyeOCVVideoDevice.cpp; sourceTree = "<group>"; };
		820470BF1E59437800486806 /* PSEyeOCVVideoDevice.hpp */ = {isa = PBXFileReference; fileEncoding = 4; lastKnownFileType = sourcecode.cpp.h; path = PSEyeOCVVideoDevice.hpp; sourceTree = "<group>"; };
		820470C11E5CA58E00486806 /* Calibrator.cpp */ = {isa = PBXFileReference; fileEncoding = 4; lastKnownFileType = sourcecode.cpp.cpp; path = Calibrator.cpp; sourceTree = "<group>"; };
		820470C21E5CA58E00486806 /* Calibrator.hpp */ = {isa = PBXFileReference; fileEncoding = 4; lastKnownFileType = sourcecode.cpp.h; path = Calibrator.hpp; sourceTree = "<group>"; };
		820470C41E5E811800486806 /* SDL2.framework */ = {isa = PBXFileReference; lastKnownFileType = wrapper.framework; name = SDL2.framework; path = PI4_Position_Cam/lib/SDL2.framework; sourceTree = "<group>"; };
		820470C61E5E81EC00486806 /* ImageView.cpp */ = {isa = PBXFileReference; fileEncoding = 4; lastKnownFileType = sourcecode.cpp.cpp; path = ImageView.cpp; sourceTree = "<group>"; };
		820470C71E5E81EC00486806 /* ImageView.hpp */ = {isa = PBXFileReference; fileEncoding = 4; lastKnownFileType = sourcecode.cpp.h; path = ImageView.hpp; sourceTree = "<group>"; };
		82205A391E575367009555DC /* PI4_Position_Cam */ = {isa = PBXFileReference; explicitFileType = "compiled.mach-o.executable"; includeInIndex = 0; path = PI4_Position_Cam; sourceTree = BUILT_PRODUCTS_DIR; };
		82205A3C1E575367009555DC /* main.cpp */ = {isa = PBXFileReference; lastKnownFileType = sourcecode.cpp.cpp; path = main.cpp; sourceTree = "<group>"; };
		82205A651E5755F4009555DC /* libusb.dylib */ = {isa = PBXFileReference; lastKnownFileType = "compiled.mach-o.dylib"; name = libusb.dylib; path = PI4_Position_Cam/lib/libusb.dylib; sourceTree = "<group>"; };
		82205A671E575639009555DC /* libopencv_ccalib.3.1.0.dylib */ = {isa = PBXFileReference; lastKnownFileType = "compiled.mach-o.dylib"; name = libopencv_ccalib.3.1.0.dylib; path = ../../../../../usr/local/lib/libopencv_ccalib.3.1.0.dylib; sourceTree = "<group>"; };
		82205A681E575639009555DC /* libopencv_ccalib.3.1.0.dylib */ = {isa = PBXFileReference; lastKnownFileType = "compiled.mach-o.dylib"; name = libopencv_ccalib.3.1.0.dylib; path = ../../../../../usr/local/lib/libopencv_ccalib.3.1.0.dylib; sourceTree = "<group>"; };
		82205A691E575639009555DC /* libopencv_ccalib.3.1.0.dylib */ = {isa = PBXFileReference; lastKnownFileType = "compiled.mach-o.dylib"; name = libopencv_ccalib.3.1.0.dylib; path = ../../../../../usr/local/lib/libopencv_ccalib.3.1.0.dylib; sourceTree = "<group>"; };
		82205A6A1E575639009555DC /* libopencv_core.3.1.0.dylib */ = {isa = PBXFileReference; lastKnownFileType = "compiled.mach-o.dylib"; name = libopencv_core.3.1.0.dylib; path = ../../../../../usr/local/lib/libopencv_core.3.1.0.dylib; sourceTree = "<group>"; };
		82205A6B1E575639009555DC /* libopencv_core.3.1.0.dylib */ = {isa = PBXFileReference; lastKnownFileType = "compiled.mach-o.dylib"; name = libopencv_core.3.1.0.dylib; path = ../../../../../usr/local/lib/libopencv_core.3.1.0.dylib; sourceTree = "<group>"; };
		82205A6C1E575639009555DC /* libopencv_core.3.1.0.dylib */ = {isa = PBXFileReference; lastKnownFileType = "compiled.mach-o.dylib"; name = libopencv_core.3.1.0.dylib; path = ../../../../../usr/local/lib/libopencv_core.3.1.0.dylib; sourceTree = "<group>"; };
		82205A6D1E575639009555DC /* libopencv_highgui.3.1.0.dylib */ = {isa = PBXFileReference; lastKnownFileType = "compiled.mach-o.dylib"; name = libopencv_highgui.3.1.0.dylib; path = ../../../../../usr/local/lib/libopencv_highgui.3.1.0.dylib; sourceTree = "<group>"; };
		82205A6E1E575639009555DC /* libopencv_highgui.3.1.0.dylib */ = {isa = PBXFileReference; lastKnownFileType = "compiled.mach-o.dylib"; name = libopencv_highgui.3.1.0.dylib; path = ../../../../../usr/local/lib/libopencv_highgui.3.1.0.dylib; sourceTree = "<group>"; };
		82205A6F1E575639009555DC /* libopencv_highgui.3.1.0.dylib */ = {isa = PBXFileReference; lastKnownFileType = "compiled.mach-o.dylib"; name = libopencv_highgui.3.1.0.dylib; path = ../../../../../usr/local/lib/libopencv_highgui.3.1.0.dylib; sourceTree = "<group>"; };
		82205A701E575639009555DC /* libopencv_imgproc.3.1.0.dylib */ = {isa = PBXFileReference; lastKnownFileType = "compiled.mach-o.dylib"; name = libopencv_imgproc.3.1.0.dylib; path = ../../../../../usr/local/lib/libopencv_imgproc.3.1.0.dylib; sourceTree = "<group>"; };
		82205A711E575639009555DC /* libopencv_imgproc.3.1.0.dylib */ = {isa = PBXFileReference; lastKnownFileType = "compiled.mach-o.dylib"; name = libopencv_imgproc.3.1.0.dylib; path = ../../../../../usr/local/lib/libopencv_imgproc.3.1.0.dylib; sourceTree = "<group>"; };
		82205A721E575639009555DC /* libopencv_imgproc.3.1.0.dylib */ = {isa = PBXFileReference; lastKnownFileType = "compiled.mach-o.dylib"; name = libopencv_imgproc.3.1.0.dylib; path = ../../../../../usr/local/lib/libopencv_imgproc.3.1.0.dylib; sourceTree = "<group>"; };
		82205A731E575639009555DC /* libopencv_video.3.1.0.dylib */ = {isa = PBXFileReference; lastKnownFileType = "compiled.mach-o.dylib"; name = libopencv_video.3.1.0.dylib; path = ../../../../../usr/local/lib/libopencv_video.3.1.0.dylib; sourceTree = "<group>"; };
		82205A741E575639009555DC /* libopencv_video.3.1.0.dylib */ = {isa = PBXFileReference; lastKnownFileType = "compiled.mach-o.dylib"; name = libopencv_video.3.1.0.dylib; path = ../../../../../usr/local/lib/libopencv_video.3.1.0.dylib; sourceTree = "<group>"; };
		82205A751E575639009555DC /* libopencv_video.3.1.0.dylib */ = {isa = PBXFileReference; lastKnownFileType = "compiled.mach-o.dylib"; name = libopencv_video.3.1.0.dylib; path = ../../../../../usr/local/lib/libopencv_video.3.1.0.dylib; sourceTree = "<group>"; };
		82205A761E575639009555DC /* libopencv_videoio.3.1.0.dylib */ = {isa = PBXFileReference; lastKnownFileType = "compiled.mach-o.dylib"; name = libopencv_videoio.3.1.0.dylib; path = ../../../../../usr/local/lib/libopencv_videoio.3.1.0.dylib; sourceTree = "<group>"; };
		82205A771E575639009555DC /* libopencv_videoio.3.1.0.dylib */ = {isa = PBXFileReference; lastKnownFileType = "compiled.mach-o.dylib"; name = libopencv_videoio.3.1.0.dylib; path = ../../../../../usr/local/lib/libopencv_videoio.3.1.0.dylib; sourceTree = "<group>"; };
		82205A781E575639009555DC /* libopencv_videoio.3.1.0.dylib */ = {isa = PBXFileReference; lastKnownFileType = "compiled.mach-o.dylib"; name = libopencv_videoio.3.1.0.dylib; path = ../../../../../usr/local/lib/libopencv_videoio.3.1.0.dylib; sourceTree = "<group>"; };
		82205A791E575639009555DC /* libopencv_ximgproc.3.1.0.dylib */ = {isa = PBXFileReference; lastKnownFileType = "compiled.mach-o.dylib"; name = libopencv_ximgproc.3.1.0.dylib; path = ../../../../../usr/local/lib/libopencv_ximgproc.3.1.0.dylib; sourceTree = "<group>"; };
		82205A7A1E575639009555DC /* libopencv_ximgproc.3.1.0.dylib */ = {isa = PBXFileReference; lastKnownFileType = "compiled.mach-o.dylib"; name = libopencv_ximgproc.3.1.0.dylib; path = ../../../../../usr/local/lib/libopencv_ximgproc.3.1.0.dylib; sourceTree = "<group>"; };
		82205A7B1E575639009555DC /* libopencv_ximgproc.3.1.0.dylib */ = {isa = PBXFileReference; lastKnownFileType = "compiled.mach-o.dylib"; name = libopencv_ximgproc.3.1.0.dylib; path = ../../../../../usr/local/lib/libopencv_ximgproc.3.1.0.dylib; sourceTree = "<group>"; };
		82205A911E575732009555DC /* lib */ = {isa = PBXFileReference; lastKnownFileType = folder; path = lib; sourceTree = "<group>"; };
		823B485C1E7B6602009AA735 /* BaseVideoDevice.cpp */ = {isa = PBXFileReference; fileEncoding = 4; lastKnownFileType = sourcecode.cpp.cpp; path = BaseVideoDevice.cpp; sourceTree = "<group>"; };
		823B485D1E7B6602009AA735 /* BaseVideoDevice.hpp */ = {isa = PBXFileReference; fileEncoding = 4; lastKnownFileType = sourcecode.cpp.h; path = BaseVideoDevice.hpp; sourceTree = "<group>"; };
/* End PBXFileReference section */

/* Begin PBXFrameworksBuildPhase section */
		82205A361E575367009555DC /* Frameworks */ = {
			isa = PBXFrameworksBuildPhase;
			buildActionMask = 2147483647;
			files = (
				820470C51E5E811800486806 /* SDL2.framework in Frameworks */,
				82205A7C1E575639009555DC /* libopencv_ccalib.3.1.0.dylib in Frameworks */,
				82205A7D1E575639009555DC /* libopencv_ccalib.3.1.0.dylib in Frameworks */,
				82205A7E1E575639009555DC /* libopencv_ccalib.3.1.0.dylib in Frameworks */,
				82205A7F1E575639009555DC /* libopencv_core.3.1.0.dylib in Frameworks */,
				82205A801E575639009555DC /* libopencv_core.3.1.0.dylib in Frameworks */,
				82205A811E575639009555DC /* libopencv_core.3.1.0.dylib in Frameworks */,
				82205A821E575639009555DC /* libopencv_highgui.3.1.0.dylib in Frameworks */,
				82205A831E575639009555DC /* libopencv_highgui.3.1.0.dylib in Frameworks */,
				82205A841E575639009555DC /* libopencv_highgui.3.1.0.dylib in Frameworks */,
				82205A851E575639009555DC /* libopencv_imgproc.3.1.0.dylib in Frameworks */,
				82205A861E575639009555DC /* libopencv_imgproc.3.1.0.dylib in Frameworks */,
				82205A871E575639009555DC /* libopencv_imgproc.3.1.0.dylib in Frameworks */,
				82205A881E575639009555DC /* libopencv_video.3.1.0.dylib in Frameworks */,
				82205A891E575639009555DC /* libopencv_video.3.1.0.dylib in Frameworks */,
				82205A8A1E575639009555DC /* libopencv_video.3.1.0.dylib in Frameworks */,
				82205A8B1E575639009555DC /* libopencv_videoio.3.1.0.dylib in Frameworks */,
				82205A8C1E575639009555DC /* libopencv_videoio.3.1.0.dylib in Frameworks */,
				82205A8D1E575639009555DC /* libopencv_videoio.3.1.0.dylib in Frameworks */,
				82205A8E1E575639009555DC /* libopencv_ximgproc.3.1.0.dylib in Frameworks */,
				82205A8F1E575639009555DC /* libopencv_ximgproc.3.1.0.dylib in Frameworks */,
				82205A901E575639009555DC /* libopencv_ximgproc.3.1.0.dylib in Frameworks */,
				82205A661E5755F4009555DC /* libusb.dylib in Frameworks */,
			);
			runOnlyForDeploymentPostprocessing = 0;
		};
/* End PBXFrameworksBuildPhase section */

/* Begin PBXGroup section */
		82205A301E575367009555DC = {
			isa = PBXGroup;
			children = (
				82205A3B1E575367009555DC /* PI4_Position_Cam */,
				82205A3A1E575367009555DC /* Products */,
				82205A641E5755F3009555DC /* Frameworks */,
			);
			sourceTree = "<group>";
		};
		82205A3A1E575367009555DC /* Products */ = {
			isa = PBXGroup;
			children = (
				82205A391E575367009555DC /* PI4_Position_Cam */,
			);
			name = Products;
			sourceTree = "<group>";
		};
		82205A3B1E575367009555DC /* PI4_Position_Cam */ = {
			isa = PBXGroup;
			children = (
				82205A911E575732009555DC /* lib */,
				82205A3C1E575367009555DC /* main.cpp */,
				820470C61E5E81EC00486806 /* ImageView.cpp */,
				820470C71E5E81EC00486806 /* ImageView.hpp */,
				820470C11E5CA58E00486806 /* Calibrator.cpp */,
				820470C21E5CA58E00486806 /* Calibrator.hpp */,
				823B485C1E7B6602009AA735 /* BaseVideoDevice.cpp */,
				823B485D1E7B6602009AA735 /* BaseVideoDevice.hpp */,
				820470BE1E59437800486806 /* PSEyeOCVVideoDevice.cpp */,
				820470BF1E59437800486806 /* PSEyeOCVVideoDevice.hpp */,
				820470BA1E59428E00486806 /* ps3eye.cpp */,
				820470BB1E59428E00486806 /* ps3eye.h */,
				820470BD1E5942D500486806 /* libusb.h */,
			);
			path = PI4_Position_Cam;
			sourceTree = "<group>";
		};
		82205A641E5755F3009555DC /* Frameworks */ = {
			isa = PBXGroup;
			children = (
				820470C41E5E811800486806 /* SDL2.framework */,
				82205A671E575639009555DC /* libopencv_ccalib.3.1.0.dylib */,
				82205A681E575639009555DC /* libopencv_ccalib.3.1.0.dylib */,
				82205A691E575639009555DC /* libopencv_ccalib.3.1.0.dylib */,
				82205A6A1E575639009555DC /* libopencv_core.3.1.0.dylib */,
				82205A6B1E575639009555DC /* libopencv_core.3.1.0.dylib */,
				82205A6C1E575639009555DC /* libopencv_core.3.1.0.dylib */,
				82205A6D1E575639009555DC /* libopencv_highgui.3.1.0.dylib */,
				82205A6E1E575639009555DC /* libopencv_highgui.3.1.0.dylib */,
				82205A6F1E575639009555DC /* libopencv_highgui.3.1.0.dylib */,
				82205A701E575639009555DC /* libopencv_imgproc.3.1.0.dylib */,
				82205A711E575639009555DC /* libopencv_imgproc.3.1.0.dylib */,
				82205A721E575639009555DC /* libopencv_imgproc.3.1.0.dylib */,
				82205A731E575639009555DC /* libopencv_video.3.1.0.dylib */,
				82205A741E575639009555DC /* libopencv_video.3.1.0.dylib */,
				82205A751E575639009555DC /* libopencv_video.3.1.0.dylib */,
				82205A761E575639009555DC /* libopencv_videoio.3.1.0.dylib */,
				82205A771E575639009555DC /* libopencv_videoio.3.1.0.dylib */,
				82205A781E575639009555DC /* libopencv_videoio.3.1.0.dylib */,
				82205A791E575639009555DC /* libopencv_ximgproc.3.1.0.dylib */,
				82205A7A1E575639009555DC /* libopencv_ximgproc.3.1.0.dylib */,
				82205A7B1E575639009555DC /* libopencv_ximgproc.3.1.0.dylib */,
				82205A651E5755F4009555DC /* libusb.dylib */,
			);
			name = Frameworks;
			sourceTree = "<group>";
		};
/* End PBXGroup section */

/* Begin PBXNativeTarget section */
		82205A381E575367009555DC /* PI4_Position_Cam */ = {
			isa = PBXNativeTarget;
			buildConfigurationList = 82205A401E575367009555DC /* Build configuration list for PBXNativeTarget "PI4_Position_Cam" */;
			buildPhases = (
				82205A351E575367009555DC /* Sources */,
				82205A361E575367009555DC /* Frameworks */,
				82205A371E575367009555DC /* CopyFiles */,
			);
			buildRules = (
			);
			dependencies = (
			);
			name = PI4_Position_Cam;
			productName = PI4_Position_Cam;
			productReference = 82205A391E575367009555DC /* PI4_Position_Cam */;
			productType = "com.apple.product-type.tool";
		};
/* End PBXNativeTarget section */

/* Begin PBXProject section */
		82205A311E575367009555DC /* Project object */ = {
			isa = PBXProject;
			attributes = {
				LastUpgradeCheck = 0820;
				ORGANIZATIONNAME = AER4875;
				TargetAttributes = {
					82205A381E575367009555DC = {
						CreatedOnToolsVersion = 8.2.1;
						DevelopmentTeam = Z93C3Z7BL2;
						ProvisioningStyle = Automatic;
					};
				};
			};
			buildConfigurationList = 82205A341E575367009555DC /* Build configuration list for PBXProject "PI4_Position_Cam" */;
			compatibilityVersion = "Xcode 3.2";
			developmentRegion = English;
			hasScannedForEncodings = 0;
			knownRegions = (
				en,
			);
			mainGroup = 82205A301E575367009555DC;
			productRefGroup = 82205A3A1E575367009555DC /* Products */;
			projectDirPath = "";
			projectRoot = "";
			targets = (
				82205A381E575367009555DC /* PI4_Position_Cam */,
			);
		};
/* End PBXProject section */

/* Begin PBXSourcesBuildPhase section */
		82205A351E575367009555DC /* Sources */ = {
			isa = PBXSourcesBuildPhase;
			buildActionMask = 2147483647;
			files = (
				820470BC1E59428E00486806 /* ps3eye.cpp in Sources */,
				82205A3D1E575367009555DC /* main.cpp in Sources */,
				820470C31E5CA58E00486806 /* Calibrator.cpp in Sources */,
				820470C81E5E81EC00486806 /* ImageView.cpp in Sources */,
				823B485E1E7B6602009AA735 /* BaseVideoDevice.cpp in Sources */,
				820470C01E59437800486806 /* PSEyeOCVVideoDevice.cpp in Sources */,
			);
			runOnlyForDeploymentPostprocessing = 0;
		};
/* End PBXSourcesBuildPhase section */

/* Begin XCBuildConfiguration section */
		82205A3E1E575367009555DC /* Debug */ = {
			isa = XCBuildConfiguration;
			buildSettings = {
				ALWAYS_SEARCH_USER_PATHS = NO;
				CLANG_ANALYZER_NONNULL = YES;
				CLANG_CXX_LANGUAGE_STANDARD = "gnu++0x";
				CLANG_CXX_LIBRARY = "libc++";
				CLANG_ENABLE_MODULES = YES;
				CLANG_ENABLE_OBJC_ARC = YES;
				CLANG_WARN_BOOL_CONVERSION = YES;
				CLANG_WARN_CONSTANT_CONVERSION = YES;
				CLANG_WARN_DIRECT_OBJC_ISA_USAGE = YES_ERROR;
				CLANG_WARN_DOCUMENTATION_COMMENTS = YES;
				CLANG_WARN_EMPTY_BODY = YES;
				CLANG_WARN_ENUM_CONVERSION = YES;
				CLANG_WARN_INFINITE_RECURSION = YES;
				CLANG_WARN_INT_CONVERSION = YES;
				CLANG_WARN_OBJC_ROOT_CLASS = YES_ERROR;
				CLANG_WARN_SUSPICIOUS_MOVE = YES;
				CLANG_WARN_UNREACHABLE_CODE = YES;
				CLANG_WARN__DUPLICATE_METHOD_MATCH = YES;
				CODE_SIGN_IDENTITY = "-";
				COPY_PHASE_STRIP = NO;
				DEBUG_INFORMATION_FORMAT = dwarf;
				ENABLE_STRICT_OBJC_MSGSEND = YES;
				ENABLE_TESTABILITY = YES;
				GCC_C_LANGUAGE_STANDARD = gnu99;
				GCC_DYNAMIC_NO_PIC = NO;
				GCC_NO_COMMON_BLOCKS = YES;
				GCC_OPTIMIZATION_LEVEL = 0;
				GCC_PREPROCESSOR_DEFINITIONS = (
					"DEBUG=1",
					"$(inherited)",
				);
				GCC_WARN_64_TO_32_BIT_CONVERSION = YES;
				GCC_WARN_ABOUT_RETURN_TYPE = YES_ERROR;
				GCC_WARN_UNDECLARED_SELECTOR = YES;
				GCC_WARN_UNINITIALIZED_AUTOS = YES_AGGRESSIVE;
				GCC_WARN_UNUSED_FUNCTION = YES;
				GCC_WARN_UNUSED_VARIABLE = YES;
				MACOSX_DEPLOYMENT_TARGET = 10.12;
				MTL_ENABLE_DEBUG_INFO = YES;
				ONLY_ACTIVE_ARCH = YES;
				SDKROOT = macosx;
			};
			name = Debug;
		};
		82205A3F1E575367009555DC /* Release */ = {
			isa = XCBuildConfiguration;
			buildSettings = {
				ALWAYS_SEARCH_USER_PATHS = NO;
				CLANG_ANALYZER_NONNULL = YES;
				CLANG_CXX_LANGUAGE_STANDARD = "gnu++0x";
				CLANG_CXX_LIBRARY = "libc++";
				CLANG_ENABLE_MODULES = YES;
				CLANG_ENABLE_OBJC_ARC = YES;
				CLANG_WARN_BOOL_CONVERSION = YES;
				CLANG_WARN_CONSTANT_CONVERSION = YES;
				CLANG_WARN_DIRECT_OBJC_ISA_USAGE = YES_ERROR;
				CLANG_WARN_DOCUMENTATION_COMMENTS = YES;
				CLANG_WARN_EMPTY_BODY = YES;
				CLANG_WARN_ENUM_CONVERSION = YES;
				CLANG_WARN_INFINITE_RECURSION = YES;
				CLANG_WARN_INT_CONVERSION = YES;
				CLANG_WARN_OBJC_ROOT_CLASS = YES_ERROR;
				CLANG_WARN_SUSPICIOUS_MOVE = YES;
				CLANG_WARN_UNREACHABLE_CODE = YES;
				CLANG_WARN__DUPLICATE_METHOD_MATCH = YES;
				CODE_SIGN_IDENTITY = "-";
				COPY_PHASE_STRIP = NO;
				DEBUG_INFORMATION_FORMAT = "dwarf-with-dsym";
				ENABLE_NS_ASSERTIONS = NO;
				ENABLE_STRICT_OBJC_MSGSEND = YES;
				GCC_C_LANGUAGE_STANDARD = gnu99;
				GCC_NO_COMMON_BLOCKS = YES;
				GCC_WARN_64_TO_32_BIT_CONVERSION = YES;
				GCC_WARN_ABOUT_RETURN_TYPE = YES_ERROR;
				GCC_WARN_UNDECLARED_SELECTOR = YES;
				GCC_WARN_UNINITIALIZED_AUTOS = YES_AGGRESSIVE;
				GCC_WARN_UNUSED_FUNCTION = YES;
				GCC_WARN_UNUSED_VARIABLE = YES;
				MACOSX_DEPLOYMENT_TARGET = 10.12;
				MTL_ENABLE_DEBUG_INFO = NO;
				SDKROOT = macosx;
			};
			name = Release;
		};
		82205A411E575367009555DC /* Debug */ = {
			isa = XCBuildConfiguration;
			buildSettings = {
				DEVELOPMENT_TEAM = Z93C3Z7BL2;
				FRAMEWORK_SEARCH_PATHS = (
					"$(inherited)",
					"$(PROJECT_DIR)/PI4_Position_Cam/lib",
				);
				HEADER_SEARCH_PATHS = /usr/local/include;
				LIBRARY_SEARCH_PATHS = (
					"$(inherited)",
					"$(PROJECT_DIR)/PI4_Position_Cam/lib",
					/usr/local/lib,
				);
				PRODUCT_NAME = "$(TARGET_NAME)";
			};
			name = Debug;
		};
		82205A421E575367009555DC /* Release */ = {
			isa = XCBuildConfiguration;
			buildSettings = {
				DEVELOPMENT_TEAM = Z93C3Z7BL2;
				FRAMEWORK_SEARCH_PATHS = (
					"$(inherited)",
					"$(PROJECT_DIR)/PI4_Position_Cam/lib",
				);
				HEADER_SEARCH_PATHS = /usr/local/include;
				LIBRARY_SEARCH_PATHS = (
					"$(inherited)",
					"$(PROJECT_DIR)/PI4_Position_Cam/lib",
					/usr/local/lib,
				);
				PRODUCT_NAME = "$(TARGET_NAME)";
			};
			name = Release;
		};
/* End XCBuildConfiguration section */

/* Begin XCConfigurationList section */
		82205A341E575367009555DC /* Build configuration list for PBXProject "PI4_Position_Cam" */ = {
			isa = XCConfigurationList;
			buildConfigurations = (
				82205A3E1E575367009555DC /* Debug */,
				82205A3F1E575367009555DC /* Release */,
			);
			defaultConfigurationIsVisible = 0;
			defaultConfigurationName = Release;
		};
		82205A401E575367009555DC /* Build configuration list for PBXNativeTarget "PI4_Position_Cam" */ = {
			isa = XCConfigurationList;
			buildConfigurations = (
				82205A411E575367009555DC /* Debug */,
				82205A421E575367009555DC /* Release */,
			);
			defaultConfigurationIsVisible = 0;
			defaultConfigurationName = Release;
		};
/* End XCConfigurationList section */
	};
	rootObject = 82205A311E575367009555DC /* Project object */;
}
